
Microsoft Visual Studio Solution File, Format Version 12.00
# Visual Studio 2012
Project("{FAE04EC0-301F-11D3-BF4B-00C04F79EFBC}") = "EduSim", "EduSim\EduSim\EduSim.csproj", "{2F9142E3-8B85-4CD4-A6E5-14571F6F9247}"
EndProject
Project("{FAE04EC0-301F-11D3-BF4B-00C04F79EFBC}") = "EduSim.DataModel.EF", "EduSim.DataModel.EF\EduSim.DataModel.EF\EduSim.DataModel.EF.csproj", "{272FA407-37F8-400C-8F3D-ACDCA271A99E}"
EndProject
Project("{FAE04EC0-301F-11D3-BF4B-00C04F79EFBC}") = "EduSim.Web", "EduSim.Web\EduSim.Web\EduSim.Web.csproj", "{862C8A85-3708-4C3E-917C-340AC9BBFB85}"
EndProject
Project("{FAE04EC0-301F-11D3-BF4B-00C04F79EFBC}") = "EduSim.Web.Tests", "EduSim.Web\EduSim.Web.Tests\EduSim.Web.Tests.csproj", "{38ACA283-460F-4232-8514-E595FAB6EA01}"
EndProject
Project("{FAE04EC0-301F-11D3-BF4B-00C04F79EFBC}") = "EduSim.Tests", "EduSim.Tests\EduSim.Tests\EduSim.Tests.csproj", "{5C8F6EC1-C9F6-41A5-8527-156C6B1AB838}"
EndProject
Project("{9344BDBB-3E7F-41FC-A0DD-8665D75EE146}") = "EduSim.Reference.Database", "EduSim.Reference.Database\EduSim.Reference.Database.mdproj", "{6786097B-5A0F-4F49-B6DA-452BF88343C3}"
EndProject
Project("{9344BDBB-3E7F-41FC-A0DD-8665D75EE146}") = "EduSim.Database", "EduSim.Database\EduSim.Database\EduSim.Database.mdproj", "{AEB513F5-12F1-4B5B-A5A5-1694288168BC}"
EndProject
Project("{FAE04EC0-301F-11D3-BF4B-00C04F79EFBC}") = "EduSim.Core", "EduSim.Core\EduSim.Core.csproj", "{34E6FD78-CF3F-447B-B160-825DAC176FE0}"
EndProject
Project("{FAE04EC0-301F-11D3-BF4B-00C04F79EFBC}") = "EduSim.Sandbox", "EduSim.Sandbox\EduSim.Sandbox.csproj", "{20FA62A5-8D4B-42DE-BB17-D1A2853C61DE}"
EndProject
Global
	GlobalSection(SolutionConfigurationPlatforms) = preSolution
		Debug|Any CPU = Debug|Any CPU
		Release|Any CPU = Release|Any CPU
		Default|Any CPU = Default|Any CPU
	EndGlobalSection
	GlobalSection(ProjectConfigurationPlatforms) = postSolution
		{2F9142E3-8B85-4CD4-A6E5-14571F6F9247}.Debug|Any CPU.ActiveCfg = Debug|Any CPU
		{2F9142E3-8B85-4CD4-A6E5-14571F6F9247}.Debug|Any CPU.Build.0 = Debug|Any CPU
		{2F9142E3-8B85-4CD4-A6E5-14571F6F9247}.Release|Any CPU.ActiveCfg = Release|Any CPU
		{2F9142E3-8B85-4CD4-A6E5-14571F6F9247}.Release|Any CPU.Build.0 = Release|Any CPU
		{2F9142E3-8B85-4CD4-A6E5-14571F6F9247}.Default|Any CPU.ActiveCfg = Debug|Any CPU
		{2F9142E3-8B85-4CD4-A6E5-14571F6F9247}.Default|Any CPU.Build.0 = Debug|Any CPU
		{272FA407-37F8-400C-8F3D-ACDCA271A99E}.Debug|Any CPU.ActiveCfg = Debug|Any CPU
		{272FA407-37F8-400C-8F3D-ACDCA271A99E}.Debug|Any CPU.Build.0 = Debug|Any CPU
		{272FA407-37F8-400C-8F3D-ACDCA271A99E}.Release|Any CPU.ActiveCfg = Release|Any CPU
		{272FA407-37F8-400C-8F3D-ACDCA271A99E}.Release|Any CPU.Build.0 = Release|Any CPU
		{272FA407-37F8-400C-8F3D-ACDCA271A99E}.Default|Any CPU.ActiveCfg = Debug|Any CPU
		{272FA407-37F8-400C-8F3D-ACDCA271A99E}.Default|Any CPU.Build.0 = Debug|Any CPU
		{862C8A85-3708-4C3E-917C-340AC9BBFB85}.Debug|Any CPU.ActiveCfg = Debug|Any CPU
		{862C8A85-3708-4C3E-917C-340AC9BBFB85}.Debug|Any CPU.Build.0 = Debug|Any CPU
		{862C8A85-3708-4C3E-917C-340AC9BBFB85}.Release|Any CPU.ActiveCfg = Release|Any CPU
		{862C8A85-3708-4C3E-917C-340AC9BBFB85}.Release|Any CPU.Build.0 = Release|Any CPU
		{862C8A85-3708-4C3E-917C-340AC9BBFB85}.Default|Any CPU.ActiveCfg = Debug|Any CPU
		{862C8A85-3708-4C3E-917C-340AC9BBFB85}.Default|Any CPU.Build.0 = Debug|Any CPU
		{38ACA283-460F-4232-8514-E595FAB6EA01}.Debug|Any CPU.ActiveCfg = Debug|Any CPU
		{38ACA283-460F-4232-8514-E595FAB6EA01}.Debug|Any CPU.Build.0 = Debug|Any CPU
		{38ACA283-460F-4232-8514-E595FAB6EA01}.Release|Any CPU.ActiveCfg = Release|Any CPU
		{38ACA283-460F-4232-8514-E595FAB6EA01}.Release|Any CPU.Build.0 = Release|Any CPU
		{38ACA283-460F-4232-8514-E595FAB6EA01}.Default|Any CPU.ActiveCfg = Debug|Any CPU
		{38ACA283-460F-4232-8514-E595FAB6EA01}.Default|Any CPU.Build.0 = Debug|Any CPU
		{5C8F6EC1-C9F6-41A5-8527-156C6B1AB838}.Debug|Any CPU.ActiveCfg = Debug|Any CPU
		{5C8F6EC1-C9F6-41A5-8527-156C6B1AB838}.Debug|Any CPU.Build.0 = Debug|Any CPU
		{5C8F6EC1-C9F6-41A5-8527-156C6B1AB838}.Release|Any CPU.ActiveCfg = Release|Any CPU
		{5C8F6EC1-C9F6-41A5-8527-156C6B1AB838}.Release|Any CPU.Build.0 = Release|Any CPU
		{5C8F6EC1-C9F6-41A5-8527-156C6B1AB838}.Default|Any CPU.ActiveCfg = Debug|Any CPU
		{5C8F6EC1-C9F6-41A5-8527-156C6B1AB838}.Default|Any CPU.Build.0 = Debug|Any CPU
		{6786097B-5A0F-4F49-B6DA-452BF88343C3}.Debug|Any CPU.ActiveCfg = Default|Any CPU
		{6786097B-5A0F-4F49-B6DA-452BF88343C3}.Debug|Any CPU.Build.0 = Default|Any CPU
		{6786097B-5A0F-4F49-B6DA-452BF88343C3}.Release|Any CPU.ActiveCfg = Default|Any CPU
		{6786097B-5A0F-4F49-B6DA-452BF88343C3}.Release|Any CPU.Build.0 = Default|Any CPU
		{6786097B-5A0F-4F49-B6DA-452BF88343C3}.Default|Any CPU.ActiveCfg = Default|Any CPU
		{6786097B-5A0F-4F49-B6DA-452BF88343C3}.Default|Any CPU.Build.0 = Default|Any CPU
		{AEB513F5-12F1-4B5B-A5A5-1694288168BC}.Debug|Any CPU.ActiveCfg = Default|Any CPU
		{AEB513F5-12F1-4B5B-A5A5-1694288168BC}.Debug|Any CPU.Build.0 = Default|Any CPU
		{AEB513F5-12F1-4B5B-A5A5-1694288168BC}.Release|Any CPU.ActiveCfg = Default|Any CPU
		{AEB513F5-12F1-4B5B-A5A5-1694288168BC}.Release|Any CPU.Build.0 = Default|Any CPU
		{AEB513F5-12F1-4B5B-A5A5-1694288168BC}.Default|Any CPU.ActiveCfg = Default|Any CPU
		{AEB513F5-12F1-4B5B-A5A5-1694288168BC}.Default|Any CPU.Build.0 = Default|Any CPU
		{34E6FD78-CF3F-447B-B160-825DAC176FE0}.Debug|Any CPU.ActiveCfg = Debug|Any CPU
		{34E6FD78-CF3F-447B-B160-825DAC176FE0}.Debug|Any CPU.Build.0 = Debug|Any CPU
		{34E6FD78-CF3F-447B-B160-825DAC176FE0}.Release|Any CPU.ActiveCfg = Release|Any CPU
		{34E6FD78-CF3F-447B-B160-825DAC176FE0}.Release|Any CPU.Build.0 = Release|Any CPU
		{34E6FD78-CF3F-447B-B160-825DAC176FE0}.Default|Any CPU.ActiveCfg = Debug|Any CPU
		{34E6FD78-CF3F-447B-B160-825DAC176FE0}.Default|Any CPU.Build.0 = Debug|Any CPU
		{20FA62A5-8D4B-42DE-BB17-D1A2853C61DE}.Debug|Any CPU.ActiveCfg = Debug|Any CPU
		{20FA62A5-8D4B-42DE-BB17-D1A2853C61DE}.Debug|Any CPU.Build.0 = Debug|Any CPU
		{20FA62A5-8D4B-42DE-BB17-D1A2853C61DE}.Release|Any CPU.ActiveCfg = Release|Any CPU
		{20FA62A5-8D4B-42DE-BB17-D1A2853C61DE}.Release|Any CPU.Build.0 = Release|Any CPU
		{20FA62A5-8D4B-42DE-BB17-D1A2853C61DE}.Default|Any CPU.ActiveCfg = Debug|Any CPU
		{20FA62A5-8D4B-42DE-BB17-D1A2853C61DE}.Default|Any CPU.Build.0 = Debug|Any CPU
	EndGlobalSection
	GlobalSection(MonoDevelopProperties) = preSolution
		Policies = $0
		$0.DotNetNamingPolicy = $1
		$1.DirectoryNamespaceAssociation = None
		$1.ResourceNamePolicy = FileFormatDefault
		version = 0.0.1
	EndGlobalSection
EndGlobal
